
Microsoft Visual Studio Solution File, Format Version 12.00
# Visual Studio Version 17
VisualStudioVersion = 17.3.32901.215
MinimumVisualStudioVersion = 10.0.40219.1
Project("{FAE04EC0-301F-11D3-BF4B-00C04F79EFBC}") = "Aula2", "Aula2\Aula2.csproj", "{4D5FFE2E-9E34-4772-B0CC-07C49EF13B49}"
EndProject
Project("{FAE04EC0-301F-11D3-BF4B-00C04F79EFBC}") = "DataApp", "DataApp\DataApp.csproj", "{B22526CF-AF73-420B-9794-26D8CEB019A3}"
EndProject
Project("{FAE04EC0-301F-11D3-BF4B-00C04F79EFBC}") = "WebApp", "WebApp\WebApp.csproj", "{C5B08B11-7AAC-4653-8FBD-D8A8D3846A99}"
EndProject
Project("{FAE04EC0-301F-11D3-BF4B-00C04F79EFBC}") = "WindowsFormsApp", "WindowsFormsApp\WindowsFormsApp.csproj", "{C98CCCDB-6CB1-476E-A590-159AD3A65CD9}"
EndProject
Global
	GlobalSection(SolutionConfigurationPlatforms) = preSolution
		Debug|Any CPU = Debug|Any CPU
		Release|Any CPU = Release|Any CPU
	EndGlobalSection
	GlobalSection(ProjectConfigurationPlatforms) = postSolution
		{4D5FFE2E-9E34-4772-B0CC-07C49EF13B49}.Debug|Any CPU.ActiveCfg = Debug|Any CPU
		{4D5FFE2E-9E34-4772-B0CC-07C49EF13B49}.Debug|Any CPU.Build.0 = Debug|Any CPU
		{4D5FFE2E-9E34-4772-B0CC-07C49EF13B49}.Release|Any CPU.ActiveCfg = Release|Any CPU
		{4D5FFE2E-9E34-4772-B0CC-07C49EF13B49}.Release|Any CPU.Build.0 = Release|Any CPU
		{B22526CF-AF73-420B-9794-26D8CEB019A3}.Debug|Any CPU.ActiveCfg = Debug|Any CPU
		{B22526CF-AF73-420B-9794-26D8CEB019A3}.Debug|Any CPU.Build.0 = Debug|Any CPU
		{B22526CF-AF73-420B-9794-26D8CEB019A3}.Release|Any CPU.ActiveCfg = Release|Any CPU
		{B22526CF-AF73-420B-9794-26D8CEB019A3}.Release|Any CPU.Build.0 = Release|Any CPU
		{C5B08B11-7AAC-4653-8FBD-D8A8D3846A99}.Debug|Any CPU.ActiveCfg = Debug|Any CPU
		{C5B08B11-7AAC-4653-8FBD-D8A8D3846A99}.Debug|Any CPU.Build.0 = Debug|Any CPU
		{C5B08B11-7AAC-4653-8FBD-D8A8D3846A99}.Release|Any CPU.ActiveCfg = Release|Any CPU
		{C5B08B11-7AAC-4653-8FBD-D8A8D3846A99}.Release|Any CPU.Build.0 = Release|Any CPU
		{C98CCCDB-6CB1-476E-A590-159AD3A65CD9}.Debug|Any CPU.ActiveCfg = Debug|Any CPU
		{C98CCCDB-6CB1-476E-A590-159AD3A65CD9}.Debug|Any CPU.Build.0 = Debug|Any CPU
		{C98CCCDB-6CB1-476E-A590-159AD3A65CD9}.Release|Any CPU.ActiveCfg = Release|Any CPU
		{C98CCCDB-6CB1-476E-A590-159AD3A65CD9}.Release|Any CPU.Build.0 = Release|Any CPU
	EndGlobalSection
	GlobalSection(SolutionProperties) = preSolution
		HideSolutionNode = FALSE
	EndGlobalSection
	GlobalSection(ExtensibilityGlobals) = postSolution
		SolutionGuid = {D4C1C9CD-0E3B-4430-96F4-1A215C2052CE}
	EndGlobalSection
EndGlobal
